
Microsoft Visual Studio Solution File, Format Version 12.00
# Visual Studio Version 17
VisualStudioVersion = 17.5.002.0
MinimumVisualStudioVersion = 10.0.40219.1
Project("{2150E333-8FDC-42A3-9474-1A3956D46DE8}") = "C#", "C#", "{6B36CA64-46CE-4503-9863-61B2284A5A05}"
EndProject
Project("{9A19103F-16F7-4668-BE54-9A1E7A4F7556}") = "PrimeFinder", "C#\PrimeFinder\PrimeFinder.csproj", "{C9C4E7F8-1C45-4632-A099-270BC225B8D5}"
EndProject
Global
	GlobalSection(SolutionConfigurationPlatforms) = preSolution
		Debug|Any CPU = Debug|Any CPU
		Release|Any CPU = Release|Any CPU
	EndGlobalSection
	GlobalSection(ProjectConfigurationPlatforms) = postSolution
		{C9C4E7F8-1C45-4632-A099-270BC225B8D5}.Debug|Any CPU.ActiveCfg = Debug|Any CPU
		{C9C4E7F8-1C45-4632-A099-270BC225B8D5}.Debug|Any CPU.Build.0 = Debug|Any CPU
		{C9C4E7F8-1C45-4632-A099-270BC225B8D5}.Release|Any CPU.ActiveCfg = Release|Any CPU
		{C9C4E7F8-1C45-4632-A099-270BC225B8D5}.Release|Any CPU.Build.0 = Release|Any CPU
	EndGlobalSection
	GlobalSection(SolutionProperties) = preSolution
		HideSolutionNode = FALSE
	EndGlobalSection
	GlobalSection(NestedProjects) = preSolution
		{C9C4E7F8-1C45-4632-A099-270BC225B8D5} = {6B36CA64-46CE-4503-9863-61B2284A5A05}
	EndGlobalSection
	GlobalSection(ExtensibilityGlobals) = postSolution
		SolutionGuid = {B86EFD81-1A12-4FA0-A0B2-0B657764523E}
	EndGlobalSection
EndGlobal
